
Microsoft Visual Studio Solution File, Format Version 12.00
# Visual Studio Version 17
VisualStudioVersion = 17.5.33516.290
MinimumVisualStudioVersion = 10.0.40219.1
Project("{9A19103F-16F7-4668-BE54-9A1E7A4F7556}") = "General", "General\General.csproj", "{D696EA87-6D5B-42BD-8B27-4928F25AACA2}"
EndProject
Project("{9A19103F-16F7-4668-BE54-9A1E7A4F7556}") = "FileSystem", "FileSystem\FileSystem.csproj", "{4EA6994B-C04F-4818-A130-DD466881C0F3}"
EndProject
Project("{9A19103F-16F7-4668-BE54-9A1E7A4F7556}") = "HttpWorkshop", "HttpWorkshop\HttpWorkshop.csproj", "{5EA9BEEF-9A7F-4545-88C9-474048A7A0B0}"
EndProject
Project("{9A19103F-16F7-4668-BE54-9A1E7A4F7556}") = "HttpExercise", "HttpExercise\HttpExercise.csproj", "{ED9F97AD-8840-47C5-AFBB-6E57E3E92871}"
EndProject
Project("{9A19103F-16F7-4668-BE54-9A1E7A4F7556}") = "FileSystemTests", "FileSystemTests\FileSystemTests.csproj", "{C4762B40-3E69-4777-87BE-61A0BBFA6261}"
EndProject
Project("{9A19103F-16F7-4668-BE54-9A1E7A4F7556}") = "SimpleUnitTests", "SimpleUnitTests\SimpleUnitTests.csproj", "{2776E6FD-49E8-4F6F-B6CE-4A449E20C653}"
EndProject
Project("{9A19103F-16F7-4668-BE54-9A1E7A4F7556}") = "SimpleUnitTestsTests", "SimpleUnitTestsTests\SimpleUnitTestsTests.csproj", "{CC87057D-DBC5-4B1F-9CFE-4A3FAE9DA7EB}"
EndProject
Project("{9A19103F-16F7-4668-BE54-9A1E7A4F7556}") = "ReflectionHelper", "ReflectionHelper\ReflectionHelper.csproj", "{0F061438-9960-4DD3-8F53-E2DAE3380745}"
EndProject
Project("{9A19103F-16F7-4668-BE54-9A1E7A4F7556}") = "ReflectionRunner", "ReflectionRunner\ReflectionRunner.csproj", "{0DED0B34-5079-4F28-8426-0CD18F9D6A26}"
EndProject
Project("{9A19103F-16F7-4668-BE54-9A1E7A4F7556}") = "AttributesReflectionExercise", "AttributesReflectionExercise\AttributesReflectionExercise.csproj", "{5376DF7F-B06C-4B0F-BAEE-76578EF2C045}"
EndProject
Project("{9A19103F-16F7-4668-BE54-9A1E7A4F7556}") = "HttpServerWorkshop", "HttpServerWorkshop\HttpServerWorkshop.csproj", "{E823D5A3-40EA-4F34-831B-BCC78275749A}"
EndProject
Project("{9A19103F-16F7-4668-BE54-9A1E7A4F7556}") = "WorkerDIExamples", "WorkerDIExamples\WorkerDIExamples.csproj", "{A0385498-59C0-4CB9-BC40-CC13CF31A7A0}"
EndProject
Global
	GlobalSection(SolutionConfigurationPlatforms) = preSolution
		Debug|Any CPU = Debug|Any CPU
		Release|Any CPU = Release|Any CPU
	EndGlobalSection
	GlobalSection(ProjectConfigurationPlatforms) = postSolution
		{D696EA87-6D5B-42BD-8B27-4928F25AACA2}.Debug|Any CPU.ActiveCfg = Debug|Any CPU
		{D696EA87-6D5B-42BD-8B27-4928F25AACA2}.Debug|Any CPU.Build.0 = Debug|Any CPU
		{D696EA87-6D5B-42BD-8B27-4928F25AACA2}.Release|Any CPU.ActiveCfg = Release|Any CPU
		{D696EA87-6D5B-42BD-8B27-4928F25AACA2}.Release|Any CPU.Build.0 = Release|Any CPU
		{4EA6994B-C04F-4818-A130-DD466881C0F3}.Debug|Any CPU.ActiveCfg = Debug|Any CPU
		{4EA6994B-C04F-4818-A130-DD466881C0F3}.Debug|Any CPU.Build.0 = Debug|Any CPU
		{4EA6994B-C04F-4818-A130-DD466881C0F3}.Release|Any CPU.ActiveCfg = Release|Any CPU
		{4EA6994B-C04F-4818-A130-DD466881C0F3}.Release|Any CPU.Build.0 = Release|Any CPU
		{5EA9BEEF-9A7F-4545-88C9-474048A7A0B0}.Debug|Any CPU.ActiveCfg = Debug|Any CPU
		{5EA9BEEF-9A7F-4545-88C9-474048A7A0B0}.Debug|Any CPU.Build.0 = Debug|Any CPU
		{5EA9BEEF-9A7F-4545-88C9-474048A7A0B0}.Release|Any CPU.ActiveCfg = Release|Any CPU
		{5EA9BEEF-9A7F-4545-88C9-474048A7A0B0}.Release|Any CPU.Build.0 = Release|Any CPU
		{ED9F97AD-8840-47C5-AFBB-6E57E3E92871}.Debug|Any CPU.ActiveCfg = Debug|Any CPU
		{ED9F97AD-8840-47C5-AFBB-6E57E3E92871}.Debug|Any CPU.Build.0 = Debug|Any CPU
		{ED9F97AD-8840-47C5-AFBB-6E57E3E92871}.Release|Any CPU.ActiveCfg = Release|Any CPU
		{ED9F97AD-8840-47C5-AFBB-6E57E3E92871}.Release|Any CPU.Build.0 = Release|Any CPU
		{C4762B40-3E69-4777-87BE-61A0BBFA6261}.Debug|Any CPU.ActiveCfg = Debug|Any CPU
		{C4762B40-3E69-4777-87BE-61A0BBFA6261}.Debug|Any CPU.Build.0 = Debug|Any CPU
		{C4762B40-3E69-4777-87BE-61A0BBFA6261}.Release|Any CPU.ActiveCfg = Release|Any CPU
		{C4762B40-3E69-4777-87BE-61A0BBFA6261}.Release|Any CPU.Build.0 = Release|Any CPU
		{2776E6FD-49E8-4F6F-B6CE-4A449E20C653}.Debug|Any CPU.ActiveCfg = Debug|Any CPU
		{2776E6FD-49E8-4F6F-B6CE-4A449E20C653}.Debug|Any CPU.Build.0 = Debug|Any CPU
		{2776E6FD-49E8-4F6F-B6CE-4A449E20C653}.Release|Any CPU.ActiveCfg = Release|Any CPU
		{2776E6FD-49E8-4F6F-B6CE-4A449E20C653}.Release|Any CPU.Build.0 = Release|Any CPU
		{CC87057D-DBC5-4B1F-9CFE-4A3FAE9DA7EB}.Debug|Any CPU.ActiveCfg = Debug|Any CPU
		{CC87057D-DBC5-4B1F-9CFE-4A3FAE9DA7EB}.Debug|Any CPU.Build.0 = Debug|Any CPU
		{CC87057D-DBC5-4B1F-9CFE-4A3FAE9DA7EB}.Release|Any CPU.ActiveCfg = Release|Any CPU
		{CC87057D-DBC5-4B1F-9CFE-4A3FAE9DA7EB}.Release|Any CPU.Build.0 = Release|Any CPU
		{0F061438-9960-4DD3-8F53-E2DAE3380745}.Debug|Any CPU.ActiveCfg = Debug|Any CPU
		{0F061438-9960-4DD3-8F53-E2DAE3380745}.Debug|Any CPU.Build.0 = Debug|Any CPU
		{0F061438-9960-4DD3-8F53-E2DAE3380745}.Release|Any CPU.ActiveCfg = Release|Any CPU
		{0F061438-9960-4DD3-8F53-E2DAE3380745}.Release|Any CPU.Build.0 = Release|Any CPU
		{0DED0B34-5079-4F28-8426-0CD18F9D6A26}.Debug|Any CPU.ActiveCfg = Debug|Any CPU
		{0DED0B34-5079-4F28-8426-0CD18F9D6A26}.Debug|Any CPU.Build.0 = Debug|Any CPU
		{0DED0B34-5079-4F28-8426-0CD18F9D6A26}.Release|Any CPU.ActiveCfg = Release|Any CPU
		{0DED0B34-5079-4F28-8426-0CD18F9D6A26}.Release|Any CPU.Build.0 = Release|Any CPU
		{5376DF7F-B06C-4B0F-BAEE-76578EF2C045}.Debug|Any CPU.ActiveCfg = Debug|Any CPU
		{5376DF7F-B06C-4B0F-BAEE-76578EF2C045}.Debug|Any CPU.Build.0 = Debug|Any CPU
		{5376DF7F-B06C-4B0F-BAEE-76578EF2C045}.Release|Any CPU.ActiveCfg = Release|Any CPU
		{5376DF7F-B06C-4B0F-BAEE-76578EF2C045}.Release|Any CPU.Build.0 = Release|Any CPU
		{E823D5A3-40EA-4F34-831B-BCC78275749A}.Debug|Any CPU.ActiveCfg = Debug|Any CPU
		{E823D5A3-40EA-4F34-831B-BCC78275749A}.Debug|Any CPU.Build.0 = Debug|Any CPU
		{E823D5A3-40EA-4F34-831B-BCC78275749A}.Release|Any CPU.ActiveCfg = Release|Any CPU
		{E823D5A3-40EA-4F34-831B-BCC78275749A}.Release|Any CPU.Build.0 = Release|Any CPU
		{A0385498-59C0-4CB9-BC40-CC13CF31A7A0}.Debug|Any CPU.ActiveCfg = Debug|Any CPU
		{A0385498-59C0-4CB9-BC40-CC13CF31A7A0}.Debug|Any CPU.Build.0 = Debug|Any CPU
		{A0385498-59C0-4CB9-BC40-CC13CF31A7A0}.Release|Any CPU.ActiveCfg = Release|Any CPU
		{A0385498-59C0-4CB9-BC40-CC13CF31A7A0}.Release|Any CPU.Build.0 = Release|Any CPU
	EndGlobalSection
	GlobalSection(SolutionProperties) = preSolution
		HideSolutionNode = FALSE
	EndGlobalSection
	GlobalSection(ExtensibilityGlobals) = postSolution
		SolutionGuid = {3E33CEDC-2DCB-46B9-A814-80A44EFA10B0}
	EndGlobalSection
EndGlobal
